// !$*UTF8*$!
{
	archiveVersion = 1;
	classes = {
	};
	objectVersion = 50;
	objects = {

/* Begin PBXBuildFile section */
		A81ED9FC26A768A400AC0EB4 /* AppDelegate.swift in Sources */ = {isa = PBXBuildFile; fileRef = A81ED9FB26A768A400AC0EB4 /* AppDelegate.swift */; };
		A81ED9FE26A768A400AC0EB4 /* SceneDelegate.swift in Sources */ = {isa = PBXBuildFile; fileRef = A81ED9FD26A768A400AC0EB4 /* SceneDelegate.swift */; };
		A81EDA0026A768A400AC0EB4 /* ViewController.swift in Sources */ = {isa = PBXBuildFile; fileRef = A81ED9FF26A768A400AC0EB4 /* ViewController.swift */; };
		A81EDA0326A768A500AC0EB4 /* Main.storyboard in Resources */ = {isa = PBXBuildFile; fileRef = A81EDA0126A768A500AC0EB4 /* Main.storyboard */; };
		A81EDA0626A768A500AC0EB4 /* finalProject.xcdatamodeld in Sources */ = {isa = PBXBuildFile; fileRef = A81EDA0426A768A500AC0EB4 /* finalProject.xcdatamodeld */; };
		A81EDA0826A768A600AC0EB4 /* Assets.xcassets in Resources */ = {isa = PBXBuildFile; fileRef = A81EDA0726A768A600AC0EB4 /* Assets.xcassets */; };
		A81EDA0B26A768A600AC0EB4 /* LaunchScreen.storyboard in Resources */ = {isa = PBXBuildFile; fileRef = A81EDA0926A768A600AC0EB4 /* LaunchScreen.storyboard */; };
		A81EDA1626A768A600AC0EB4 /* finalProjectTests.swift in Sources */ = {isa = PBXBuildFile; fileRef = A81EDA1526A768A600AC0EB4 /* finalProjectTests.swift */; };
		A81EDA2126A768A600AC0EB4 /* finalProjectUITests.swift in Sources */ = {isa = PBXBuildFile; fileRef = A81EDA2026A768A600AC0EB4 /* finalProjectUITests.swift */; };
		A81EDA3126A77A0200AC0EB4 /* DailyChallenges2ViewController.swift in Sources */ = {isa = PBXBuildFile; fileRef = A81EDA3026A77A0200AC0EB4 /* DailyChallenges2ViewController.swift */; };
		A81EDA3326A77A9800AC0EB4 /* Home.swift in Sources */ = {isa = PBXBuildFile; fileRef = A81EDA3226A77A9800AC0EB4 /* Home.swift */; };
		A81EDA3526A77AD500AC0EB4 /* Schedule.swift in Sources */ = {isa = PBXBuildFile; fileRef = A81EDA3426A77AD500AC0EB4 /* Schedule.swift */; };
		A81EDA3726A77B0600AC0EB4 /* MoodBooster.swift in Sources */ = {isa = PBXBuildFile; fileRef = A81EDA3626A77B0600AC0EB4 /* MoodBooster.swift */; };
/* End PBXBuildFile section */

/* Begin PBXContainerItemProxy section */
		A81EDA1226A768A600AC0EB4 /* PBXContainerItemProxy */ = {
			isa = PBXContainerItemProxy;
			containerPortal = A81ED9F026A768A400AC0EB4 /* Project object */;
			proxyType = 1;
			remoteGlobalIDString = A81ED9F726A768A400AC0EB4;
			remoteInfo = finalProject;
		};
		A81EDA1D26A768A600AC0EB4 /* PBXContainerItemProxy */ = {
			isa = PBXContainerItemProxy;
			containerPortal = A81ED9F026A768A400AC0EB4 /* Project object */;
			proxyType = 1;
			remoteGlobalIDString = A81ED9F726A768A400AC0EB4;
			remoteInfo = finalProject;
		};
/* End PBXContainerItemProxy section */

/* Begin PBXFileReference section */
		A81ED9F826A768A400AC0EB4 /* finalProject.app */ = {isa = PBXFileReference; explicitFileType = wrapper.application; includeInIndex = 0; path = finalProject.app; sourceTree = BUILT_PRODUCTS_DIR; };
		A81ED9FB26A768A400AC0EB4 /* AppDelegate.swift */ = {isa = PBXFileReference; lastKnownFileType = sourcecode.swift; path = AppDelegate.swift; sourceTree = "<group>"; };
		A81ED9FD26A768A400AC0EB4 /* SceneDelegate.swift */ = {isa = PBXFileReference; lastKnownFileType = sourcecode.swift; path = SceneDelegate.swift; sourceTree = "<group>"; };
		A81ED9FF26A768A400AC0EB4 /* ViewController.swift */ = {isa = PBXFileReference; lastKnownFileType = sourcecode.swift; path = ViewController.swift; sourceTree = "<group>"; };
		A81EDA0226A768A500AC0EB4 /* Base */ = {isa = PBXFileReference; lastKnownFileType = file.storyboard; name = Base; path = Base.lproj/Main.storyboard; sourceTree = "<group>"; };
		A81EDA0526A768A500AC0EB4 /* finalProject.xcdatamodel */ = {isa = PBXFileReference; lastKnownFileType = wrapper.xcdatamodel; path = finalProject.xcdatamodel; sourceTree = "<group>"; };
		A81EDA0726A768A600AC0EB4 /* Assets.xcassets */ = {isa = PBXFileReference; lastKnownFileType = folder.assetcatalog; path = Assets.xcassets; sourceTree = "<group>"; };
		A81EDA0A26A768A600AC0EB4 /* Base */ = {isa = PBXFileReference; lastKnownFileType = file.storyboard; name = Base; path = Base.lproj/LaunchScreen.storyboard; sourceTree = "<group>"; };
		A81EDA0C26A768A600AC0EB4 /* Info.plist */ = {isa = PBXFileReference; lastKnownFileType = text.plist.xml; path = Info.plist; sourceTree = "<group>"; };
		A81EDA1126A768A600AC0EB4 /* finalProjectTests.xctest */ = {isa = PBXFileReference; explicitFileType = wrapper.cfbundle; includeInIndex = 0; path = finalProjectTests.xctest; sourceTree = BUILT_PRODUCTS_DIR; };
		A81EDA1526A768A600AC0EB4 /* finalProjectTests.swift */ = {isa = PBXFileReference; lastKnownFileType = sourcecode.swift; path = finalProjectTests.swift; sourceTree = "<group>"; };
		A81EDA1726A768A600AC0EB4 /* Info.plist */ = {isa = PBXFileReference; lastKnownFileType = text.plist.xml; path = Info.plist; sourceTree = "<group>"; };
		A81EDA1C26A768A600AC0EB4 /* finalProjectUITests.xctest */ = {isa = PBXFileReference; explicitFileType = wrapper.cfbundle; includeInIndex = 0; path = finalProjectUITests.xctest; sourceTree = BUILT_PRODUCTS_DIR; };
		A81EDA2026A768A600AC0EB4 /* finalProjectUITests.swift */ = {isa = PBXFileReference; lastKnownFileType = sourcecode.swift; path = finalProjectUITests.swift; sourceTree = "<group>"; };
		A81EDA2226A768A600AC0EB4 /* Info.plist */ = {isa = PBXFileReference; lastKnownFileType = text.plist.xml; path = Info.plist; sourceTree = "<group>"; };
		A81EDA3026A77A0200AC0EB4 /* DailyChallenges2ViewController.swift */ = {isa = PBXFileReference; lastKnownFileType = sourcecode.swift; path = DailyChallenges2ViewController.swift; sourceTree = "<group>"; };
		A81EDA3226A77A9800AC0EB4 /* Home.swift */ = {isa = PBXFileReference; lastKnownFileType = sourcecode.swift; path = Home.swift; sourceTree = "<group>"; };
		A81EDA3426A77AD500AC0EB4 /* Schedule.swift */ = {isa = PBXFileReference; lastKnownFileType = sourcecode.swift; path = Schedule.swift; sourceTree = "<group>"; };
		A81EDA3626A77B0600AC0EB4 /* MoodBooster.swift */ = {isa = PBXFileReference; lastKnownFileType = sourcecode.swift; path = MoodBooster.swift; sourceTree = "<group>"; };
/* End PBXFileReference section */

/* Begin PBXFrameworksBuildPhase section */
		A81ED9F526A768A400AC0EB4 /* Frameworks */ = {
			isa = PBXFrameworksBuildPhase;
			buildActionMask = 2147483647;
			files = (
			);
			runOnlyForDeploymentPostprocessing = 0;
		};
		A81EDA0E26A768A600AC0EB4 /* Frameworks */ = {
			isa = PBXFrameworksBuildPhase;
			buildActionMask = 2147483647;
			files = (
			);
			runOnlyForDeploymentPostprocessing = 0;
		};
		A81EDA1926A768A600AC0EB4 /* Frameworks */ = {
			isa = PBXFrameworksBuildPhase;
			buildActionMask = 2147483647;
			files = (
			);
			runOnlyForDeploymentPostprocessing = 0;
		};
/* End PBXFrameworksBuildPhase section */

/* Begin PBXGroup section */
		A81ED9EF26A768A400AC0EB4 = {
			isa = PBXGroup;
			children = (
				A81EDA3626A77B0600AC0EB4 /* MoodBooster.swift */,
				A81EDA3426A77AD500AC0EB4 /* Schedule.swift */,
				A81EDA3226A77A9800AC0EB4 /* Home.swift */,
				A81EDA3026A77A0200AC0EB4 /* DailyChallenges2ViewController.swift */,
				A81ED9FA26A768A400AC0EB4 /* finalProject */,
				A81EDA1426A768A600AC0EB4 /* finalProjectTests */,
				A81EDA1F26A768A600AC0EB4 /* finalProjectUITests */,
				A81ED9F926A768A400AC0EB4 /* Products */,
			);
			sourceTree = "<group>";
		};
		A81ED9F926A768A400AC0EB4 /* Products */ = {
			isa = PBXGroup;
			children = (
				A81ED9F826A768A400AC0EB4 /* finalProject.app */,
				A81EDA1126A768A600AC0EB4 /* finalProjectTests.xctest */,
				A81EDA1C26A768A600AC0EB4 /* finalProjectUITests.xctest */,
			);
			name = Products;
			sourceTree = "<group>";
		};
		A81ED9FA26A768A400AC0EB4 /* finalProject */ = {
			isa = PBXGroup;
			children = (
				A81ED9FB26A768A400AC0EB4 /* AppDelegate.swift */,
				A81ED9FD26A768A400AC0EB4 /* SceneDelegate.swift */,
				A81ED9FF26A768A400AC0EB4 /* ViewController.swift */,
				A81EDA0126A768A500AC0EB4 /* Main.storyboard */,
				A81EDA0726A768A600AC0EB4 /* Assets.xcassets */,
				A81EDA0926A768A600AC0EB4 /* LaunchScreen.storyboard */,
				A81EDA0C26A768A600AC0EB4 /* Info.plist */,
				A81EDA0426A768A500AC0EB4 /* finalProject.xcdatamodeld */,
			);
			path = finalProject;
			sourceTree = "<group>";
		};
		A81EDA1426A768A600AC0EB4 /* finalProjectTests */ = {
			isa = PBXGroup;
			children = (
				A81EDA1526A768A600AC0EB4 /* finalProjectTests.swift */,
				A81EDA1726A768A600AC0EB4 /* Info.plist */,
			);
			path = finalProjectTests;
			sourceTree = "<group>";
		};
		A81EDA1F26A768A600AC0EB4 /* finalProjectUITests */ = {
			isa = PBXGroup;
			children = (
				A81EDA2026A768A600AC0EB4 /* finalProjectUITests.swift */,
				A81EDA2226A768A600AC0EB4 /* Info.plist */,
			);
			path = finalProjectUITests;
			sourceTree = "<group>";
		};
/* End PBXGroup section */

/* Begin PBXNativeTarget section */
		A81ED9F726A768A400AC0EB4 /* finalProject */ = {
			isa = PBXNativeTarget;
			buildConfigurationList = A81EDA2526A768A600AC0EB4 /* Build configuration list for PBXNativeTarget "finalProject" */;
			buildPhases = (
				A81ED9F426A768A400AC0EB4 /* Sources */,
				A81ED9F526A768A400AC0EB4 /* Frameworks */,
				A81ED9F626A768A400AC0EB4 /* Resources */,
			);
			buildRules = (
			);
			dependencies = (
			);
			name = finalProject;
			productName = finalProject;
			productReference = A81ED9F826A768A400AC0EB4 /* finalProject.app */;
			productType = "com.apple.product-type.application";
		};
		A81EDA1026A768A600AC0EB4 /* finalProjectTests */ = {
			isa = PBXNativeTarget;
			buildConfigurationList = A81EDA2826A768A600AC0EB4 /* Build configuration list for PBXNativeTarget "finalProjectTests" */;
			buildPhases = (
				A81EDA0D26A768A600AC0EB4 /* Sources */,
				A81EDA0E26A768A600AC0EB4 /* Frameworks */,
				A81EDA0F26A768A600AC0EB4 /* Resources */,
			);
			buildRules = (
			);
			dependencies = (
				A81EDA1326A768A600AC0EB4 /* PBXTargetDependency */,
			);
			name = finalProjectTests;
			productName = finalProjectTests;
			productReference = A81EDA1126A768A600AC0EB4 /* finalProjectTests.xctest */;
			productType = "com.apple.product-type.bundle.unit-test";
		};
		A81EDA1B26A768A600AC0EB4 /* finalProjectUITests */ = {
			isa = PBXNativeTarget;
			buildConfigurationList = A81EDA2B26A768A600AC0EB4 /* Build configuration list for PBXNativeTarget "finalProjectUITests" */;
			buildPhases = (
				A81EDA1826A768A600AC0EB4 /* Sources */,
				A81EDA1926A768A600AC0EB4 /* Frameworks */,
				A81EDA1A26A768A600AC0EB4 /* Resources */,
			);
			buildRules = (
			);
			dependencies = (
				A81EDA1E26A768A600AC0EB4 /* PBXTargetDependency */,
			);
			name = finalProjectUITests;
			productName = finalProjectUITests;
			productReference = A81EDA1C26A768A600AC0EB4 /* finalProjectUITests.xctest */;
			productType = "com.apple.product-type.bundle.ui-testing";
		};
/* End PBXNativeTarget section */

/* Begin PBXProject section */
		A81ED9F026A768A400AC0EB4 /* Project object */ = {
			isa = PBXProject;
			attributes = {
				LastSwiftUpdateCheck = 1250;
				LastUpgradeCheck = 1250;
				TargetAttributes = {
					A81ED9F726A768A400AC0EB4 = {
						CreatedOnToolsVersion = 12.5;
					};
					A81EDA1026A768A600AC0EB4 = {
						CreatedOnToolsVersion = 12.5;
						TestTargetID = A81ED9F726A768A400AC0EB4;
					};
					A81EDA1B26A768A600AC0EB4 = {
						CreatedOnToolsVersion = 12.5;
						TestTargetID = A81ED9F726A768A400AC0EB4;
					};
				};
			};
			buildConfigurationList = A81ED9F326A768A400AC0EB4 /* Build configuration list for PBXProject "finalProject" */;
			compatibilityVersion = "Xcode 9.3";
			developmentRegion = en;
			hasScannedForEncodings = 0;
			knownRegions = (
				en,
				Base,
			);
			mainGroup = A81ED9EF26A768A400AC0EB4;
			productRefGroup = A81ED9F926A768A400AC0EB4 /* Products */;
			projectDirPath = "";
			projectRoot = "";
			targets = (
				A81ED9F726A768A400AC0EB4 /* finalProject */,
				A81EDA1026A768A600AC0EB4 /* finalProjectTests */,
				A81EDA1B26A768A600AC0EB4 /* finalProjectUITests */,
			);
		};
/* End PBXProject section */

/* Begin PBXResourcesBuildPhase section */
		A81ED9F626A768A400AC0EB4 /* Resources */ = {
			isa = PBXResourcesBuildPhase;
			buildActionMask = 2147483647;
			files = (
				A81EDA0B26A768A600AC0EB4 /* LaunchScreen.storyboard in Resources */,
				A81EDA0826A768A600AC0EB4 /* Assets.xcassets in Resources */,
				A81EDA0326A768A500AC0EB4 /* Main.storyboard in Resources */,
			);
			runOnlyForDeploymentPostprocessing = 0;
		};
		A81EDA0F26A768A600AC0EB4 /* Resources */ = {
			isa = PBXResourcesBuildPhase;
			buildActionMask = 2147483647;
			files = (
			);
			runOnlyForDeploymentPostprocessing = 0;
		};
		A81EDA1A26A768A600AC0EB4 /* Resources */ = {
			isa = PBXResourcesBuildPhase;
			buildActionMask = 2147483647;
			files = (
			);
			runOnlyForDeploymentPostprocessing = 0;
		};
/* End PBXResourcesBuildPhase section */

/* Begin PBXSourcesBuildPhase section */
		A81ED9F426A768A400AC0EB4 /* Sources */ = {
			isa = PBXSourcesBuildPhase;
			buildActionMask = 2147483647;
			files = (
				A81EDA0026A768A400AC0EB4 /* ViewController.swift in Sources */,
				A81EDA3726A77B0600AC0EB4 /* MoodBooster.swift in Sources */,
				A81EDA3126A77A0200AC0EB4 /* DailyChallenges2ViewController.swift in Sources */,
				A81ED9FC26A768A400AC0EB4 /* AppDelegate.swift in Sources */,
				A81EDA0626A768A500AC0EB4 /* finalProject.xcdatamodeld in Sources */,
				A81EDA3326A77A9800AC0EB4 /* Home.swift in Sources */,
				A81EDA3526A77AD500AC0EB4 /* Schedule.swift in Sources */,
				A81ED9FE26A768A400AC0EB4 /* SceneDelegate.swift in Sources */,
			);
			runOnlyForDeploymentPostprocessing = 0;
		};
		A81EDA0D26A768A600AC0EB4 /* Sources */ = {
			isa = PBXSourcesBuildPhase;
			buildActionMask = 2147483647;
			files = (
				A81EDA1626A768A600AC0EB4 /* finalProjectTests.swift in Sources */,
			);
			runOnlyForDeploymentPostprocessing = 0;
		};
		A81EDA1826A768A600AC0EB4 /* Sources */ = {
			isa = PBXSourcesBuildPhase;
			buildActionMask = 2147483647;
			files = (
				A81EDA2126A768A600AC0EB4 /* finalProjectUITests.swift in Sources */,
			);
			runOnlyForDeploymentPostprocessing = 0;
		};
/* End PBXSourcesBuildPhase section */

/* Begin PBXTargetDependency section */
		A81EDA1326A768A600AC0EB4 /* PBXTargetDependency */ = {
			isa = PBXTargetDependency;
			target = A81ED9F726A768A400AC0EB4 /* finalProject */;
			targetProxy = A81EDA1226A768A600AC0EB4 /* PBXContainerItemProxy */;
		};
		A81EDA1E26A768A600AC0EB4 /* PBXTargetDependency */ = {
			isa = PBXTargetDependency;
			target = A81ED9F726A768A400AC0EB4 /* finalProject */;
			targetProxy = A81EDA1D26A768A600AC0EB4 /* PBXContainerItemProxy */;
		};
/* End PBXTargetDependency section */

/* Begin PBXVariantGroup section */
		A81EDA0126A768A500AC0EB4 /* Main.storyboard */ = {
			isa = PBXVariantGroup;
			children = (
				A81EDA0226A768A500AC0EB4 /* Base */,
			);
			name = Main.storyboard;
			sourceTree = "<group>";
		};
		A81EDA0926A768A600AC0EB4 /* LaunchScreen.storyboard */ = {
			isa = PBXVariantGroup;
			children = (
				A81EDA0A26A768A600AC0EB4 /* Base */,
			);
			name = LaunchScreen.storyboard;
			sourceTree = "<group>";
		};
/* End PBXVariantGroup section */

/* Begin XCBuildConfiguration section */
		A81EDA2326A768A600AC0EB4 /* Debug */ = {
			isa = XCBuildConfiguration;
			buildSettings = {
				ALWAYS_SEARCH_USER_PATHS = NO;
				CLANG_ANALYZER_NONNULL = YES;
				CLANG_ANALYZER_NUMBER_OBJECT_CONVERSION = YES_AGGRESSIVE;
				CLANG_CXX_LANGUAGE_STANDARD = "gnu++14";
				CLANG_CXX_LIBRARY = "libc++";
				CLANG_ENABLE_MODULES = YES;
				CLANG_ENABLE_OBJC_ARC = YES;
				CLANG_ENABLE_OBJC_WEAK = YES;
				CLANG_WARN_BLOCK_CAPTURE_AUTORELEASING = YES;
				CLANG_WARN_BOOL_CONVERSION = YES;
				CLANG_WARN_COMMA = YES;
				CLANG_WARN_CONSTANT_CONVERSION = YES;
				CLANG_WARN_DEPRECATED_OBJC_IMPLEMENTATIONS = YES;
				CLANG_WARN_DIRECT_OBJC_ISA_USAGE = YES_ERROR;
				CLANG_WARN_DOCUMENTATION_COMMENTS = YES;
				CLANG_WARN_EMPTY_BODY = YES;
				CLANG_WARN_ENUM_CONVERSION = YES;
				CLANG_WARN_INFINITE_RECURSION = YES;
				CLANG_WARN_INT_CONVERSION = YES;
				CLANG_WARN_NON_LITERAL_NULL_CONVERSION = YES;
				CLANG_WARN_OBJC_IMPLICIT_RETAIN_SELF = YES;
				CLANG_WARN_OBJC_LITERAL_CONVERSION = YES;
				CLANG_WARN_OBJC_ROOT_CLASS = YES_ERROR;
				CLANG_WARN_QUOTED_INCLUDE_IN_FRAMEWORK_HEADER = YES;
				CLANG_WARN_RANGE_LOOP_ANALYSIS = YES;
				CLANG_WARN_STRICT_PROTOTYPES = YES;
				CLANG_WARN_SUSPICIOUS_MOVE = YES;
				CLANG_WARN_UNGUARDED_AVAILABILITY = YES_AGGRESSIVE;
				CLANG_WARN_UNREACHABLE_CODE = YES;
				CLANG_WARN__DUPLICATE_METHOD_MATCH = YES;
				COPY_PHASE_STRIP = NO;
				DEBUG_INFORMATION_FORMAT = dwarf;
				ENABLE_STRICT_OBJC_MSGSEND = YES;
				ENABLE_TESTABILITY = YES;
				GCC_C_LANGUAGE_STANDARD = gnu11;
				GCC_DYNAMIC_NO_PIC = NO;
				GCC_NO_COMMON_BLOCKS = YES;
				GCC_OPTIMIZATION_LEVEL = 0;
				GCC_PREPROCESSOR_DEFINITIONS = (
					"DEBUG=1",
					"$(inherited)",
				);
				GCC_WARN_64_TO_32_BIT_CONVERSION = YES;
				GCC_WARN_ABOUT_RETURN_TYPE = YES_ERROR;
				GCC_WARN_UNDECLARED_SELECTOR = YES;
				GCC_WARN_UNINITIALIZED_AUTOS = YES_AGGRESSIVE;
				GCC_WARN_UNUSED_FUNCTION = YES;
				GCC_WARN_UNUSED_VARIABLE = YES;
				IPHONEOS_DEPLOYMENT_TARGET = 14.5;
				MTL_ENABLE_DEBUG_INFO = INCLUDE_SOURCE;
				MTL_FAST_MATH = YES;
				ONLY_ACTIVE_ARCH = YES;
				SDKROOT = iphoneos;
				SWIFT_ACTIVE_COMPILATION_CONDITIONS = DEBUG;
				SWIFT_OPTIMIZATION_LEVEL = "-Onone";
			};
			name = Debug;
		};
		A81EDA2426A768A600AC0EB4 /* Release */ = {
			isa = XCBuildConfiguration;
			buildSettings = {
				ALWAYS_SEARCH_USER_PATHS = NO;
				CLANG_ANALYZER_NONNULL = YES;
				CLANG_ANALYZER_NUMBER_OBJECT_CONVERSION = YES_AGGRESSIVE;
				CLANG_CXX_LANGUAGE_STANDARD = "gnu++14";
				CLANG_CXX_LIBRARY = "libc++";
				CLANG_ENABLE_MODULES = YES;
				CLANG_ENABLE_OBJC_ARC = YES;
				CLANG_ENABLE_OBJC_WEAK = YES;
				CLANG_WARN_BLOCK_CAPTURE_AUTORELEASING = YES;
				CLANG_WARN_BOOL_CONVERSION = YES;
				CLANG_WARN_COMMA = YES;
				CLANG_WARN_CONSTANT_CONVERSION = YES;
				CLANG_WARN_DEPRECATED_OBJC_IMPLEMENTATIONS = YES;
				CLANG_WARN_DIRECT_OBJC_ISA_USAGE = YES_ERROR;
				CLANG_WARN_DOCUMENTATION_COMMENTS = YES;
				CLANG_WARN_EMPTY_BODY = YES;
				CLANG_WARN_ENUM_CONVERSION = YES;
				CLANG_WARN_INFINITE_RECURSION = YES;
				CLANG_WARN_INT_CONVERSION = YES;
				CLANG_WARN_NON_LITERAL_NULL_CONVERSION = YES;
				CLANG_WARN_OBJC_IMPLICIT_RETAIN_SELF = YES;
				CLANG_WARN_OBJC_LITERAL_CONVERSION = YES;
				CLANG_WARN_OBJC_ROOT_CLASS = YES_ERROR;
				CLANG_WARN_QUOTED_INCLUDE_IN_FRAMEWORK_HEADER = YES;
				CLANG_WARN_RANGE_LOOP_ANALYSIS = YES;
				CLANG_WARN_STRICT_PROTOTYPES = YES;
				CLANG_WARN_SUSPICIOUS_MOVE = YES;
				CLANG_WARN_UNGUARDED_AVAILABILITY = YES_AGGRESSIVE;
				CLANG_WARN_UNREACHABLE_CODE = YES;
				CLANG_WARN__DUPLICATE_METHOD_MATCH = YES;
				COPY_PHASE_STRIP = NO;
				DEBUG_INFORMATION_FORMAT = "dwarf-with-dsym";
				ENABLE_NS_ASSERTIONS = NO;
				ENABLE_STRICT_OBJC_MSGSEND = YES;
				GCC_C_LANGUAGE_STANDARD = gnu11;
				GCC_NO_COMMON_BLOCKS = YES;
				GCC_WARN_64_TO_32_BIT_CONVERSION = YES;
				GCC_WARN_ABOUT_RETURN_TYPE = YES_ERROR;
				GCC_WARN_UNDECLARED_SELECTOR = YES;
				GCC_WARN_UNINITIALIZED_AUTOS = YES_AGGRESSIVE;
				GCC_WARN_UNUSED_FUNCTION = YES;
				GCC_WARN_UNUSED_VARIABLE = YES;
				IPHONEOS_DEPLOYMENT_TARGET = 14.5;
				MTL_ENABLE_DEBUG_INFO = NO;
				MTL_FAST_MATH = YES;
				SDKROOT = iphoneos;
				SWIFT_COMPILATION_MODE = wholemodule;
				SWIFT_OPTIMIZATION_LEVEL = "-O";
				VALIDATE_PRODUCT = YES;
			};
			name = Release;
		};
		A81EDA2626A768A600AC0EB4 /* Debug */ = {
			isa = XCBuildConfiguration;
			buildSettings = {
				ASSETCATALOG_COMPILER_APPICON_NAME = AppIcon;
				ASSETCATALOG_COMPILER_GLOBAL_ACCENT_COLOR_NAME = AccentColor;
				CODE_SIGN_STYLE = Automatic;
				INFOPLIST_FILE = finalProject/Info.plist;
				LD_RUNPATH_SEARCH_PATHS = (
					"$(inherited)",
					"@executable_path/Frameworks",
				);
				PRODUCT_BUNDLE_IDENTIFIER = "kwk-2021.finalProject";
				PRODUCT_NAME = "$(TARGET_NAME)";
				SWIFT_VERSION = 5.0;
				TARGETED_DEVICE_FAMILY = "1,2";
			};
			name = Debug;
		};
		A81EDA2726A768A600AC0EB4 /* Release */ = {
			isa = XCBuildConfiguration;
			buildSettings = {
				ASSETCATALOG_COMPILER_APPICON_NAME = AppIcon;
				ASSETCATALOG_COMPILER_GLOBAL_ACCENT_COLOR_NAME = AccentColor;
				CODE_SIGN_STYLE = Automatic;
				INFOPLIST_FILE = finalProject/Info.plist;
				LD_RUNPATH_SEARCH_PATHS = (
					"$(inherited)",
					"@executable_path/Frameworks",
				);
				PRODUCT_BUNDLE_IDENTIFIER = "kwk-2021.finalProject";
				PRODUCT_NAME = "$(TARGET_NAME)";
				SWIFT_VERSION = 5.0;
				TARGETED_DEVICE_FAMILY = "1,2";
			};
			name = Release;
		};
		A81EDA2926A768A600AC0EB4 /* Debug */ = {
			isa = XCBuildConfiguration;
			buildSettings = {
				ALWAYS_EMBED_SWIFT_STANDARD_LIBRARIES = YES;
				BUNDLE_LOADER = "$(TEST_HOST)";
				CODE_SIGN_STYLE = Automatic;
				INFOPLIST_FILE = finalProjectTests/Info.plist;
				IPHONEOS_DEPLOYMENT_TARGET = 14.5;
				LD_RUNPATH_SEARCH_PATHS = (
					"$(inherited)",
					"@executable_path/Frameworks",
					"@loader_path/Frameworks",
				);
				PRODUCT_BUNDLE_IDENTIFIER = "kwk-2021.finalProjectTests";
				PRODUCT_NAME = "$(TARGET_NAME)";
				SWIFT_VERSION = 5.0;
				TARGETED_DEVICE_FAMILY = "1,2";
				TEST_HOST = "$(BUILT_PRODUCTS_DIR)/finalProject.app/finalProject";
			};
			name = Debug;
		};
		A81EDA2A26A768A600AC0EB4 /* Release */ = {
			isa = XCBuildConfiguration;
			buildSettings = {
				ALWAYS_EMBED_SWIFT_STANDARD_LIBRARIES = YES;
				BUNDLE_LOADER = "$(TEST_HOST)";
				CODE_SIGN_STYLE = Automatic;
				INFOPLIST_FILE = finalProjectTests/Info.plist;
				IPHONEOS_DEPLOYMENT_TARGET = 14.5;
				LD_RUNPATH_SEARCH_PATHS = (
					"$(inherited)",
					"@executable_path/Frameworks",
					"@loader_path/Frameworks",
				);
				PRODUCT_BUNDLE_IDENTIFIER = "kwk-2021.finalProjectTests";
				PRODUCT_NAME = "$(TARGET_NAME)";
				SWIFT_VERSION = 5.0;
				TARGETED_DEVICE_FAMILY = "1,2";
				TEST_HOST = "$(BUILT_PRODUCTS_DIR)/finalProject.app/finalProject";
			};
			name = Release;
		};
		A81EDA2C26A768A600AC0EB4 /* Debug */ = {
			isa = XCBuildConfiguration;
			buildSettings = {
				ALWAYS_EMBED_SWIFT_STANDARD_LIBRARIES = YES;
				CODE_SIGN_STYLE = Automatic;
				INFOPLIST_FILE = finalProjectUITests/Info.plist;
				LD_RUNPATH_SEARCH_PATHS = (
					"$(inherited)",
					"@executable_path/Frameworks",
					"@loader_path/Frameworks",
				);
				PRODUCT_BUNDLE_IDENTIFIER = "kwk-2021.finalProjectUITests";
				PRODUCT_NAME = "$(TARGET_NAME)";
				SWIFT_VERSION = 5.0;
				TARGETED_DEVICE_FAMILY = "1,2";
				TEST_TARGET_NAME = finalProject;
			};
			name = Debug;
		};
		A81EDA2D26A768A600AC0EB4 /* Release */ = {
			isa = XCBuildConfiguration;
			buildSettings = {
				ALWAYS_EMBED_SWIFT_STANDARD_LIBRARIES = YES;
				CODE_SIGN_STYLE = Automatic;
				INFOPLIST_FILE = finalProjectUITests/Info.plist;
				LD_RUNPATH_SEARCH_PATHS = (
					"$(inherited)",
					"@executable_path/Frameworks",
					"@loader_path/Frameworks",
				);
				PRODUCT_BUNDLE_IDENTIFIER = "kwk-2021.finalProjectUITests";
				PRODUCT_NAME = "$(TARGET_NAME)";
				SWIFT_VERSION = 5.0;
				TARGETED_DEVICE_FAMILY = "1,2";
				TEST_TARGET_NAME = finalProject;
			};
			name = Release;
		};
/* End XCBuildConfiguration section */

/* Begin XCConfigurationList section */
		A81ED9F326A768A400AC0EB4 /* Build configuration list for PBXProject "finalProject" */ = {
			isa = XCConfigurationList;
			buildConfigurations = (
				A81EDA2326A768A600AC0EB4 /* Debug */,
				A81EDA2426A768A600AC0EB4 /* Release */,
			);
			defaultConfigurationIsVisible = 0;
			defaultConfigurationName = Release;
		};
		A81EDA2526A768A600AC0EB4 /* Build configuration list for PBXNativeTarget "finalProject" */ = {
			isa = XCConfigurationList;
			buildConfigurations = (
				A81EDA2626A768A600AC0EB4 /* Debug */,
				A81EDA2726A768A600AC0EB4 /* Release */,
			);
			defaultConfigurationIsVisible = 0;
			defaultConfigurationName = Release;
		};
		A81EDA2826A768A600AC0EB4 /* Build configuration list for PBXNativeTarget "finalProjectTests" */ = {
			isa = XCConfigurationList;
			buildConfigurations = (
				A81EDA2926A768A600AC0EB4 /* Debug */,
				A81EDA2A26A768A600AC0EB4 /* Release */,
			);
			defaultConfigurationIsVisible = 0;
			defaultConfigurationName = Release;
		};
		A81EDA2B26A768A600AC0EB4 /* Build configuration list for PBXNativeTarget "finalProjectUITests" */ = {
			isa = XCConfigurationList;
			buildConfigurations = (
				A81EDA2C26A768A600AC0EB4 /* Debug */,
				A81EDA2D26A768A600AC0EB4 /* Release */,
			);
			defaultConfigurationIsVisible = 0;
			defaultConfigurationName = Release;
		};
/* End XCConfigurationList section */

/* Begin XCVersionGroup section */
		A81EDA0426A768A500AC0EB4 /* finalProject.xcdatamodeld */ = {
			isa = XCVersionGroup;
			children = (
				A81EDA0526A768A500AC0EB4 /* finalProject.xcdatamodel */,
			);
			currentVersion = A81EDA0526A768A500AC0EB4 /* finalProject.xcdatamodel */;
			path = finalProject.xcdatamodeld;
			sourceTree = "<group>";
			versionGroupType = wrapper.xcdatamodel;
		};
/* End XCVersionGroup section */
	};
	rootObject = A81ED9F026A768A400AC0EB4 /* Project object */;
}
